
Microsoft Visual Studio Solution File, Format Version 12.00
# Visual Studio Version 17
VisualStudioVersion = 17.1.32328.378
MinimumVisualStudioVersion = 10.0.40219.1
Project("{FAE04EC0-301F-11D3-BF4B-00C04F79EFBC}") = "szyfrcezara", "szyfrcezara\szyfrcezara.csproj", "{7951EE37-58D4-40DE-992D-9790DA6025B7}"
EndProject
Global
	GlobalSection(SolutionConfigurationPlatforms) = preSolution
		Debug|Any CPU = Debug|Any CPU
		Release|Any CPU = Release|Any CPU
	EndGlobalSection
	GlobalSection(ProjectConfigurationPlatforms) = postSolution
		{7951EE37-58D4-40DE-992D-9790DA6025B7}.Debug|Any CPU.ActiveCfg = Debug|Any CPU
		{7951EE37-58D4-40DE-992D-9790DA6025B7}.Debug|Any CPU.Build.0 = Debug|Any CPU
		{7951EE37-58D4-40DE-992D-9790DA6025B7}.Release|Any CPU.ActiveCfg = Release|Any CPU
		{7951EE37-58D4-40DE-992D-9790DA6025B7}.Release|Any CPU.Build.0 = Release|Any CPU
	EndGlobalSection
	GlobalSection(SolutionProperties) = preSolution
		HideSolutionNode = FALSE
	EndGlobalSection
	GlobalSection(ExtensibilityGlobals) = postSolution
		SolutionGuid = {2A01EB60-5016-4BAD-BB13-35896E915716}
	EndGlobalSection
EndGlobal
